
Microsoft Visual Studio Solution File, Format Version 12.00
# Visual Studio Version 16
VisualStudioVersion = 16.0.31105.61
MinimumVisualStudioVersion = 10.0.40219.1
Project("{FAE04EC0-301F-11D3-BF4B-00C04F79EFBC}") = "ChatBot", "ChatBot\ChatBot.csproj", "{13747E54-1EAD-47DE-B56C-9CA36F74B36F}"
EndProject
Project("{00D1A9C2-B5F0-4AF3-8072-F6C62B433612}") = "ChatBotDatabase", "ChatBotDatabase\ChatBotDatabase.sqlproj", "{CCC7E497-7F15-4A8D-B31D-7788CE720FE6}"
EndProject
Global
	GlobalSection(SolutionConfigurationPlatforms) = preSolution
		Debug|Any CPU = Debug|Any CPU
		Release|Any CPU = Release|Any CPU
	EndGlobalSection
	GlobalSection(ProjectConfigurationPlatforms) = postSolution
		{13747E54-1EAD-47DE-B56C-9CA36F74B36F}.Debug|Any CPU.ActiveCfg = Debug|Any CPU
		{13747E54-1EAD-47DE-B56C-9CA36F74B36F}.Debug|Any CPU.Build.0 = Debug|Any CPU
		{13747E54-1EAD-47DE-B56C-9CA36F74B36F}.Release|Any CPU.ActiveCfg = Release|Any CPU
		{13747E54-1EAD-47DE-B56C-9CA36F74B36F}.Release|Any CPU.Build.0 = Release|Any CPU
		{CCC7E497-7F15-4A8D-B31D-7788CE720FE6}.Debug|Any CPU.ActiveCfg = Debug|Any CPU
		{CCC7E497-7F15-4A8D-B31D-7788CE720FE6}.Debug|Any CPU.Build.0 = Debug|Any CPU
		{CCC7E497-7F15-4A8D-B31D-7788CE720FE6}.Debug|Any CPU.Deploy.0 = Debug|Any CPU
		{CCC7E497-7F15-4A8D-B31D-7788CE720FE6}.Release|Any CPU.ActiveCfg = Release|Any CPU
		{CCC7E497-7F15-4A8D-B31D-7788CE720FE6}.Release|Any CPU.Build.0 = Release|Any CPU
		{CCC7E497-7F15-4A8D-B31D-7788CE720FE6}.Release|Any CPU.Deploy.0 = Release|Any CPU
	EndGlobalSection
	GlobalSection(SolutionProperties) = preSolution
		HideSolutionNode = FALSE
	EndGlobalSection
	GlobalSection(ExtensibilityGlobals) = postSolution
		SolutionGuid = {B6A9BED7-F38F-46A5-80CE-91363232F521}
	EndGlobalSection
EndGlobal
